
Microsoft Visual Studio Solution File, Format Version 12.00
# Visual Studio Version 17
VisualStudioVersion = 17.5.33502.453
MinimumVisualStudioVersion = 10.0.40219.1
Project("{FAE04EC0-301F-11D3-BF4B-00C04F79EFBC}") = "DesignPatterns", "DesignPatterns\DesignPatterns.csproj", "{53FF251E-01A3-492D-AC06-83C4DDF51FA1}"
EndProject
Global
	GlobalSection(SolutionConfigurationPlatforms) = preSolution
		Debug|Any CPU = Debug|Any CPU
		Release|Any CPU = Release|Any CPU
	EndGlobalSection
	GlobalSection(ProjectConfigurationPlatforms) = postSolution
		{53FF251E-01A3-492D-AC06-83C4DDF51FA1}.Debug|Any CPU.ActiveCfg = Debug|Any CPU
		{53FF251E-01A3-492D-AC06-83C4DDF51FA1}.Debug|Any CPU.Build.0 = Debug|Any CPU
		{53FF251E-01A3-492D-AC06-83C4DDF51FA1}.Release|Any CPU.ActiveCfg = Release|Any CPU
		{53FF251E-01A3-492D-AC06-83C4DDF51FA1}.Release|Any CPU.Build.0 = Release|Any CPU
	EndGlobalSection
	GlobalSection(SolutionProperties) = preSolution
		HideSolutionNode = FALSE
	EndGlobalSection
	GlobalSection(ExtensibilityGlobals) = postSolution
		SolutionGuid = {A732EFDE-D138-4176-822F-4DAD8A08CA58}
	EndGlobalSection
EndGlobal
